Microsoft Visual Studio Solution File, Format Version 12.00
Project("{FAE04EC0-301F-11D3-BF4B-00C04F79EFBC}") = "Store.PostgreSQL", "Store.PostgreSQL\Store.PostgreSQL.csproj", "{5B9467D7-1F6C-4947-B520-EB0D68E40043}"
EndProject
Project("{2150E333-8FDC-42A3-9474-1A3956D46DE8}") = "Store", "Store", "{737C49CC-531E-4DE6-AD47-150ABDD7ABF8}"
EndProject
Global
	GlobalSection(SolutionConfigurationPlatforms) = preSolution
		Debug|Any CPU = Debug|Any CPU
		Release|Any CPU = Release|Any CPU
	EndGlobalSection
	GlobalSection(ProjectConfigurationPlatforms) = postSolution
		{5B9467D7-1F6C-4947-B520-EB0D68E40043}.Debug|Any CPU.ActiveCfg = Debug|Any CPU
		{5B9467D7-1F6C-4947-B520-EB0D68E40043}.Debug|Any CPU.Build.0 = Debug|Any CPU
		{5B9467D7-1F6C-4947-B520-EB0D68E40043}.Release|Any CPU.ActiveCfg = Release|Any CPU
		{5B9467D7-1F6C-4947-B520-EB0D68E40043}.Release|Any CPU.Build.0 = Release|Any CPU
	EndGlobalSection
	GlobalSection(NestedProjects) = preSolution
		{5B9467D7-1F6C-4947-B520-EB0D68E40043} = {737C49CC-531E-4DE6-AD47-150ABDD7ABF8}
	EndGlobalSection
EndGlobal